
Microsoft Visual Studio Solution File, Format Version 12.00
# Visual Studio Version 16
VisualStudioVersion = 16.0.29318.209
MinimumVisualStudioVersion = 10.0.40219.1
Project("{9A19103F-16F7-4668-BE54-9A1E7A4F7556}") = "Dotnet3.0TestRepro", "Dotnet3.0TestRepro\Dotnet3.0TestRepro.csproj", "{85E92E2B-BADB-427E-8398-2CBAA7F7E07C}"
EndProject
Project("{F2A71F9B-5D33-465A-A702-920D77279786}") = "Dotnet3.0TestRepro.FSharp", "Dotnet3.0TestRepro.FSharp\Dotnet3.0TestRepro.FSharp.fsproj", "{6E17D981-F60E-44AC-9A07-74D55B4C3AA6}"
EndProject
Project("{2150E333-8FDC-42A3-9474-1A3956D46DE8}") = "Solution Items", "Solution Items", "{8CA3C34D-8DA9-411E-8B7A-D9AC27E0D1A5}"
	ProjectSection(SolutionItems) = preProject
		azure-pipelines.yml = azure-pipelines.yml
	EndProjectSection
EndProject
Global
	GlobalSection(SolutionConfigurationPlatforms) = preSolution
		Debug|Any CPU = Debug|Any CPU
		Release|Any CPU = Release|Any CPU
	EndGlobalSection
	GlobalSection(ProjectConfigurationPlatforms) = postSolution
		{85E92E2B-BADB-427E-8398-2CBAA7F7E07C}.Debug|Any CPU.ActiveCfg = Debug|Any CPU
		{85E92E2B-BADB-427E-8398-2CBAA7F7E07C}.Debug|Any CPU.Build.0 = Debug|Any CPU
		{85E92E2B-BADB-427E-8398-2CBAA7F7E07C}.Release|Any CPU.ActiveCfg = Release|Any CPU
		{85E92E2B-BADB-427E-8398-2CBAA7F7E07C}.Release|Any CPU.Build.0 = Release|Any CPU
		{6E17D981-F60E-44AC-9A07-74D55B4C3AA6}.Debug|Any CPU.ActiveCfg = Debug|Any CPU
		{6E17D981-F60E-44AC-9A07-74D55B4C3AA6}.Debug|Any CPU.Build.0 = Debug|Any CPU
		{6E17D981-F60E-44AC-9A07-74D55B4C3AA6}.Release|Any CPU.ActiveCfg = Release|Any CPU
		{6E17D981-F60E-44AC-9A07-74D55B4C3AA6}.Release|Any CPU.Build.0 = Release|Any CPU
	EndGlobalSection
	GlobalSection(SolutionProperties) = preSolution
		HideSolutionNode = FALSE
	EndGlobalSection
	GlobalSection(ExtensibilityGlobals) = postSolution
		SolutionGuid = {E1D10185-1AD3-471F-AF44-84EBECA43E1B}
	EndGlobalSection
EndGlobal
